
Microsoft Visual Studio Solution File, Format Version 12.00
# Visual Studio Version 16
VisualStudioVersion = 16.0.29324.140
MinimumVisualStudioVersion = 10.0.40219.1
Project("{9A19103F-16F7-4668-BE54-9A1E7A4F7556}") = "KingOfKingsLutheranChurch", "KingOfKingsLutheranChurch.csproj", "{C03B13C9-CEE2-4371-A698-BCF3AA2AFE30}"
EndProject
Global
	GlobalSection(SolutionConfigurationPlatforms) = preSolution
		Debug|Any CPU = Debug|Any CPU
		Release|Any CPU = Release|Any CPU
	EndGlobalSection
	GlobalSection(ProjectConfigurationPlatforms) = postSolution
		{C03B13C9-CEE2-4371-A698-BCF3AA2AFE30}.Debug|Any CPU.ActiveCfg = Debug|Any CPU
		{C03B13C9-CEE2-4371-A698-BCF3AA2AFE30}.Debug|Any CPU.Build.0 = Debug|Any CPU
		{C03B13C9-CEE2-4371-A698-BCF3AA2AFE30}.Release|Any CPU.ActiveCfg = Release|Any CPU
		{C03B13C9-CEE2-4371-A698-BCF3AA2AFE30}.Release|Any CPU.Build.0 = Release|Any CPU
	EndGlobalSection
	GlobalSection(SolutionProperties) = preSolution
		HideSolutionNode = FALSE
	EndGlobalSection
	GlobalSection(ExtensibilityGlobals) = postSolution
		SolutionGuid = {0ACAC523-7E6A-438F-8EF5-71DC3346D302}
	EndGlobalSection
EndGlobal
